{
    "_readme": [
        "This file locks the dependencies of your project to a known state",
        "Read more about it at http://getcomposer.org/doc/01-basic-usage.md#composer-lock-the-lock-file",
        "This file is @generated automatically"
    ],
    "hash": "063eed864e732cc395e5a97dddd73605",
    "packages": [
        {
            "name": "baum/baum",
            "version": "1.0.11",
            "source": {
                "type": "git",
                "url": "https://github.com/etrepat/baum.git",
                "reference": "ae9d7e549dbba38f57512b125509f4e56a3009d1"
            },
            "dist": {
                "type": "zip",
                "url": "https://api.github.com/repos/etrepat/baum/zipball/ae9d7e549dbba38f57512b125509f4e56a3009d1",
                "reference": "ae9d7e549dbba38f57512b125509f4e56a3009d1",
                "shasum": ""
            },
            "require": {
                "illuminate/console": "~4.0",
                "illuminate/database": "~4.0",
                "illuminate/filesystem": "~4.0",
                "illuminate/support": "~4.0",
                "php": ">=5.3.0"
            },
            "require-dev": {
                "d11wtq/boris": "~1.0",
                "mockery/mockery": "~0.9",
                "phpunit/phpunit": "~4.0"
            },
            "type": "library",
            "autoload": {
                "psr-0": {
                    "Baum": "src/"
                }
            },
            "notification-url": "https://packagist.org/downloads/",
            "license": [
                "MIT"
            ],
            "authors": [
                {
                    "name": "Estanislau Trepat",
                    "email": "estanis@etrepat.com",
                    "homepage": "http://etrepat.com"
                }
            ],
            "description": "Baum is an implementation of the Nested Set pattern for Eloquent models.",
            "keywords": [
                "Laravel 4",
                "database",
                "eloquent",
                "laravel",
                "nested set"
            ],
            "time": "2014-07-03 10:37:33"
        },
        {
            "name": "cartalyst/sentry",
            "version": "v2.1.3",
            "source": {
                "type": "git",
                "url": "https://github.com/cartalyst/sentry.git",
                "reference": "0127a4047391b2f179dd2b57d71e25f8685b7ba9"
            },
            "dist": {
                "type": "zip",
                "url": "https://api.github.com/repos/cartalyst/sentry/zipball/0127a4047391b2f179dd2b57d71e25f8685b7ba9",
                "reference": "0127a4047391b2f179dd2b57d71e25f8685b7ba9",
                "shasum": ""
            },
            "require": {
                "php": ">=5.3.3"
            },
            "require-dev": {
                "illuminate/cookie": ">=4.0.9,<4.2",
                "illuminate/database": ">=4.0.9,<4.2",
                "illuminate/http": ">=4.0.9,<4.2",
                "illuminate/session": ">=4.0.9,<4.2",
                "ircmaxell/password-compat": "1.0.*",
                "mockery/mockery": "0.7.2"
            },
            "suggest": {
                "happydemon/txt": "Required Text helpers when using the Kohana implementation",
                "illuminate/database": "Default sentry user, group and throttling implementations.",
                "ircmaxell/password-compat": "Default hashing uses PHP 5.5 password_* functions, with forward-compatible support."
            },
            "type": "library",
            "extra": {
                "component": "package",
                "frameworks": [
                    "Laravel 3",
                    "Laravel 4",
                    "CodeIgniter 3",
                    "FuelPHP 1",
                    "Kohana"
                ],
                "versions": {
                    "1": "1.1/master",
                    "2": "master"
                },
                "branch-alias": {
                    "dev-master": "2.0-dev"
                }
            },
            "autoload": {
                "classmap": [
                    "src/Cartalyst/Sentry/Groups/Exceptions.php",
                    "src/Cartalyst/Sentry/Throttling/Exceptions.php",
                    "src/Cartalyst/Sentry/Users/Exceptions.php",
                    "src/migrations"
                ],
                "psr-0": {
                    "Cartalyst\\Sentry": "src/"
                }
            },
            "notification-url": "https://packagist.org/downloads/",
            "license": [
                "BSD-3-Clause"
            ],
            "authors": [
                {
                    "name": "Ben Corlett",
                    "email": "ben.corlett@cartalyst.com",
                    "role": "Developer"
                },
                {
                    "name": "Cartalyst LLC",
                    "email": "help@cartalyst.com"
                },
                {
                    "name": "Bruno Gaspar",
                    "email": "bruno.gaspar@cartalyst.com",
                    "role": "Developer"
                },
                {
                    "name": "Dan Syme",
                    "email": "dan.syme@cartalyst.com",
                    "role": "Creator & Designer"
                },
                {
                    "name": "Daniel Petrie",
                    "email": "dan.petrie@cartalyst.com",
                    "role": "Developer"
                }
            ],
            "description": "PHP 5.3+ Fully-featured Authentication & Authorization System",
            "keywords": [
                "auth",
                "codeigniter",
                "fuelphp",
                "kohana",
                "laravel",
                "security"
            ],
            "time": "2014-05-19 20:15:14"
        },
        {
            "name": "illuminate/console",
            "version": "dev-master",
            "source": {
                "type": "git",
                "url": "https://github.com/illuminate/console.git",
                "reference": "f4c36706ae40ba17397d97f91ce4f3763d95988d"
            },
            "dist": {
                "type": "zip",
                "url": "https://api.github.com/repos/illuminate/console/zipball/f4c36706ae40ba17397d97f91ce4f3763d95988d",
                "reference": "f4c36706ae40ba17397d97f91ce4f3763d95988d",
                "shasum": ""
            },
            "require": {
                "php": ">=5.4.0",
                "symfony/console": "2.5.*"
            },
            "type": "library",
            "extra": {
                "branch-alias": {
                    "dev-master": "4.3-dev"
                }
            },
            "autoload": {
                "psr-4": {
                    "Illuminate\\Console\\": ""
                }
            },
            "notification-url": "https://packagist.org/downloads/",
            "license": [
                "MIT"
            ],
            "authors": [
                {
                    "name": "Taylor Otwell",
                    "email": "taylorotwell@gmail.com",
                    "homepage": "https://github.com/taylorotwell",
                    "role": "Creator of Laravel"
                }
            ],
            "time": "2014-07-09 02:50:55"
        },
        {
            "name": "illuminate/container",
            "version": "dev-master",
            "source": {
                "type": "git",
                "url": "https://github.com/illuminate/container.git",
                "reference": "92459b11e53cf9573264646977f623f4bbe7fc4a"
            },
            "dist": {
                "type": "zip",
                "url": "https://api.github.com/repos/illuminate/container/zipball/92459b11e53cf9573264646977f623f4bbe7fc4a",
                "reference": "92459b11e53cf9573264646977f623f4bbe7fc4a",
                "shasum": ""
            },
            "require": {
                "php": ">=5.4.0"
            },
            "type": "library",
            "extra": {
                "branch-alias": {
                    "dev-master": "4.3-dev"
                }
            },
            "autoload": {
                "psr-4": {
                    "Illuminate\\Container\\": ""
                }
            },
            "notification-url": "https://packagist.org/downloads/",
            "license": [
                "MIT"
            ],
            "authors": [
                {
                    "name": "Taylor Otwell",
                    "email": "taylorotwell@gmail.com",
                    "homepage": "https://github.com/taylorotwell",
                    "role": "Creator of Laravel"
                }
            ],
            "time": "2014-07-09 02:50:55"
        },
        {
            "name": "illuminate/database",
            "version": "dev-master",
            "source": {
                "type": "git",
                "url": "https://github.com/illuminate/database.git",
                "reference": "2143330889c96c410b63820c74bde7ce0053d566"
            },
            "dist": {
                "type": "zip",
                "url": "https://api.github.com/repos/illuminate/database/zipball/2143330889c96c410b63820c74bde7ce0053d566",
                "reference": "2143330889c96c410b63820c74bde7ce0053d566",
                "shasum": ""
            },
            "require": {
                "illuminate/container": "4.3.*",
                "illuminate/events": "4.3.*",
                "illuminate/support": "4.3.*",
                "nesbot/carbon": "~1.0",
                "php": ">=5.4.0"
            },
            "require-dev": {
                "illuminate/cache": "4.3.*",
                "illuminate/console": "4.3.*",
                "illuminate/filesystem": "4.3.*",
                "illuminate/pagination": "4.3.*",
                "illuminate/support": "4.3.*"
            },
            "type": "library",
            "extra": {
                "branch-alias": {
                    "dev-master": "4.3-dev"
                }
            },
            "autoload": {
                "psr-4": {
                    "Illuminate\\Database\\": ""
                }
            },
            "notification-url": "https://packagist.org/downloads/",
            "license": [
                "MIT"
            ],
            "authors": [
                {
                    "name": "Taylor Otwell",
                    "email": "taylorotwell@gmail.com",
                    "homepage": "https://github.com/taylorotwell",
                    "role": "Creator of Laravel"
                }
            ],
            "keywords": [
                "database",
                "laravel",
                "orm",
                "sql"
            ],
            "time": "2014-07-09 02:50:55"
        },
        {
            "name": "illuminate/events",
            "version": "dev-master",
            "source": {
                "type": "git",
                "url": "https://github.com/illuminate/events.git",
                "reference": "79e8f93c99f9acacad539e9efdf859d563f6f153"
            },
            "dist": {
                "type": "zip",
                "url": "https://api.github.com/repos/illuminate/events/zipball/79e8f93c99f9acacad539e9efdf859d563f6f153",
                "reference": "79e8f93c99f9acacad539e9efdf859d563f6f153",
                "shasum": ""
            },
            "require": {
                "illuminate/container": "4.3.*",
                "illuminate/support": "4.3.*",
                "php": ">=5.4.0"
            },
            "type": "library",
            "extra": {
                "branch-alias": {
                    "dev-master": "4.3-dev"
                }
            },
            "autoload": {
                "psr-4": {
                    "Illuminate\\Events\\": ""
                }
            },
            "notification-url": "https://packagist.org/downloads/",
            "license": [
                "MIT"
            ],
            "authors": [
                {
                    "name": "Taylor Otwell",
                    "email": "taylorotwell@gmail.com",
                    "homepage": "https://github.com/taylorotwell",
                    "role": "Creator of Laravel"
                }
            ],
            "time": "2014-06-06 15:13:48"
        },
        {
            "name": "illuminate/filesystem",
            "version": "dev-master",
            "source": {
                "type": "git",
                "url": "https://github.com/illuminate/filesystem.git",
                "reference": "24f3bdc8dccb65b24f6dfad2a598971d0a44d71c"
            },
            "dist": {
                "type": "zip",
                "url": "https://api.github.com/repos/illuminate/filesystem/zipball/24f3bdc8dccb65b24f6dfad2a598971d0a44d71c",
                "reference": "24f3bdc8dccb65b24f6dfad2a598971d0a44d71c",
                "shasum": ""
            },
            "require": {
                "illuminate/support": "4.3.*",
                "php": ">=5.4.0",
                "symfony/finder": "2.5.*"
            },
            "type": "library",
            "extra": {
                "branch-alias": {
                    "dev-master": "4.3-dev"
                }
            },
            "autoload": {
                "psr-4": {
                    "Illuminate\\Filesystem\\": ""
                }
            },
            "notification-url": "https://packagist.org/downloads/",
            "license": [
                "MIT"
            ],
            "authors": [
                {
                    "name": "Taylor Otwell",
                    "email": "taylorotwell@gmail.com",
                    "homepage": "https://github.com/taylorotwell",
                    "role": "Creator of Laravel"
                }
            ],
            "time": "2014-06-01 19:50:07"
        },
        {
            "name": "illuminate/support",
            "version": "dev-master",
            "source": {
                "type": "git",
                "url": "https://github.com/illuminate/support.git",
                "reference": "36d2c321f7be3fa61293909c17e931067e77b531"
            },
            "dist": {
                "type": "zip",
                "url": "https://api.github.com/repos/illuminate/support/zipball/36d2c321f7be3fa61293909c17e931067e77b531",
                "reference": "36d2c321f7be3fa61293909c17e931067e77b531",
                "shasum": ""
            },
            "require": {
                "php": ">=5.4.0"
            },
            "require-dev": {
                "jeremeamia/superclosure": "~1.0",
                "patchwork/utf8": "1.1.*"
            },
            "type": "library",
            "extra": {
                "branch-alias": {
                    "dev-master": "4.3-dev"
                }
            },
            "autoload": {
                "psr-4": {
                    "Illuminate\\Support\\": ""
                },
                "files": [
                    "helpers.php"
                ]
            },
            "notification-url": "https://packagist.org/downloads/",
            "license": [
                "MIT"
            ],
            "authors": [
                {
                    "name": "Taylor Otwell",
                    "email": "taylorotwell@gmail.com",
                    "homepage": "https://github.com/taylorotwell",
                    "role": "Creator of Laravel"
                }
            ],
            "time": "2014-07-09 02:50:55"
        },
        {
            "name": "illuminate/validation",
            "version": "dev-master",
            "source": {
                "type": "git",
                "url": "https://github.com/illuminate/validation.git",
                "reference": "0f717c7e78159272c2f68b6b500173923a5e1068"
            },
            "dist": {
                "type": "zip",
                "url": "https://api.github.com/repos/illuminate/validation/zipball/0f717c7e78159272c2f68b6b500173923a5e1068",
                "reference": "0f717c7e78159272c2f68b6b500173923a5e1068",
                "shasum": ""
            },
            "require": {
                "illuminate/container": "4.3.*",
                "illuminate/support": "4.3.*",
                "php": ">=5.4.0",
                "symfony/http-foundation": "2.5.*",
                "symfony/translation": "2.5.*"
            },
            "require-dev": {
                "illuminate/database": "4.3.*"
            },
            "type": "library",
            "extra": {
                "branch-alias": {
                    "dev-master": "4.3-dev"
                }
            },
            "autoload": {
                "psr-4": {
                    "Illuminate\\Validation\\": ""
                }
            },
            "notification-url": "https://packagist.org/downloads/",
            "license": [
                "MIT"
            ],
            "authors": [
                {
                    "name": "Taylor Otwell",
                    "email": "taylorotwell@gmail.com",
                    "homepage": "https://github.com/taylorotwell",
                    "role": "Creator of Laravel"
                }
            ],
            "time": "2014-07-09 02:50:55"
        },
        {
            "name": "laravelbook/ardent",
            "version": "dev-master",
            "source": {
                "type": "git",
                "url": "https://github.com/laravelbook/ardent.git",
                "reference": "8af3cf8cd3ea514c68439fdae0271af71ef1449e"
            },
            "dist": {
                "type": "zip",
                "url": "https://api.github.com/repos/laravelbook/ardent/zipball/8af3cf8cd3ea514c68439fdae0271af71ef1449e",
                "reference": "8af3cf8cd3ea514c68439fdae0271af71ef1449e",
                "shasum": ""
            },
            "require": {
                "illuminate/database": "~4.1",
                "illuminate/support": "~4.1",
                "illuminate/validation": "~4.1",
                "php": ">=5.3.0"
            },
            "type": "library",
            "autoload": {
                "psr-0": {
                    "LaravelBook\\Ardent": "src/"
                }
            },
            "notification-url": "https://packagist.org/downloads/",
            "license": [
                "BSD-3-Clause"
            ],
            "authors": [
                {
                    "name": "Max Ehsan",
                    "email": "contact@laravelbook.com",
                    "homepage": "http://laravelbook.com/",
                    "role": "Developer"
                },
                {
                    "name": "Igor Santos",
                    "email": "igorsantos07@gmail.com",
                    "homepage": "http://www.igorsantos.com.br",
                    "role": "Developer"
                }
            ],
            "description": "Self-validating smart models for Laravel 4's Eloquent O/RM",
            "homepage": "http://laravelbook.com/",
            "keywords": [
                "Active Record",
                "activerecord",
                "database",
                "eloquent",
                "framework",
                "laravel",
                "orm",
                "sql",
                "validation"
            ],
            "time": "2014-07-10 04:06:41"
        },
        {
            "name": "nesbot/carbon",
            "version": "1.9.0",
            "source": {
                "type": "git",
                "url": "https://github.com/briannesbitt/Carbon.git",
                "reference": "b94de7192b01d0e80794eae984dcc773220ab0dc"
            },
            "dist": {
                "type": "zip",
                "url": "https://api.github.com/repos/briannesbitt/Carbon/zipball/b94de7192b01d0e80794eae984dcc773220ab0dc",
                "reference": "b94de7192b01d0e80794eae984dcc773220ab0dc",
                "shasum": ""
            },
            "require": {
                "php": ">=5.3.0"
            },
            "require-dev": {
                "phpunit/phpunit": "3.7.*"
            },
            "type": "library",
            "autoload": {
                "psr-0": {
                    "Carbon": "src"
                }
            },
            "notification-url": "https://packagist.org/downloads/",
            "license": [
                "MIT"
            ],
            "authors": [
                {
                    "name": "Brian Nesbitt",
                    "email": "brian@nesbot.com",
                    "homepage": "http://nesbot.com"
                }
            ],
            "description": "A simple API extension for DateTime.",
            "homepage": "https://github.com/briannesbitt/Carbon",
            "keywords": [
                "date",
                "datetime",
                "time"
            ],
            "time": "2014-05-13 02:29:30"
        },
        {
            "name": "noherczeg/breadcrumb",
            "version": "dev-master",
            "source": {
                "type": "git",
                "url": "https://github.com/noherczeg/breadcrumb.git",
                "reference": "3d2f786eadf0fa763cb8edfb66f4480faa7d63c5"
            },
            "dist": {
                "type": "zip",
                "url": "https://api.github.com/repos/noherczeg/breadcrumb/zipball/3d2f786eadf0fa763cb8edfb66f4480faa7d63c5",
                "reference": "3d2f786eadf0fa763cb8edfb66f4480faa7d63c5",
                "shasum": ""
            },
            "require": {
                "illuminate/support": ">=4.0",
                "php": ">=5.3.0"
            },
            "type": "library",
            "autoload": {
                "psr-0": {
                    "Noherczeg\\Breadcrumb": "src/"
                }
            },
            "notification-url": "https://packagist.org/downloads/",
            "license": [
                "MIT"
            ],
            "authors": [
                {
                    "name": "Norbert Csaba Herczeg",
                    "email": "noherczeg@gmail.com",
                    "role": "Developer"
                }
            ],
            "description": "A simple breadcrumb generator library.",
            "homepage": "https://github.com/noherczeg/breadcrumb",
            "keywords": [
                "breadcrumb"
            ],
            "time": "2014-06-19 21:04:51"
        },
        {
            "name": "symfony/console",
            "version": "2.5.x-dev",
            "target-dir": "Symfony/Component/Console",
            "source": {
                "type": "git",
                "url": "https://github.com/symfony/Console.git",
                "reference": "2b9e4e36d132fb2b3c5efe022db5c3a2bfab40c3"
            },
            "dist": {
                "type": "zip",
                "url": "https://api.github.com/repos/symfony/Console/zipball/2b9e4e36d132fb2b3c5efe022db5c3a2bfab40c3",
                "reference": "2b9e4e36d132fb2b3c5efe022db5c3a2bfab40c3",
                "shasum": ""
            },
            "require": {
                "php": ">=5.3.3"
            },
            "require-dev": {
                "psr/log": "~1.0",
                "symfony/event-dispatcher": "~2.1"
            },
            "suggest": {
                "psr/log": "For using the console logger",
                "symfony/event-dispatcher": ""
            },
            "type": "library",
            "extra": {
                "branch-alias": {
                    "dev-master": "2.5-dev"
                }
            },
            "autoload": {
                "psr-0": {
                    "Symfony\\Component\\Console\\": ""
                }
            },
            "notification-url": "https://packagist.org/downloads/",
            "license": [
                "MIT"
            ],
            "authors": [
                {
                    "name": "Fabien Potencier",
                    "email": "fabien@symfony.com",
                    "homepage": "http://fabien.potencier.org",
                    "role": "Lead Developer"
                },
                {
                    "name": "Symfony Community",
                    "homepage": "http://symfony.com/contributors"
                }
            ],
            "description": "Symfony Console Component",
            "homepage": "http://symfony.com",
            "time": "2014-07-09 09:05:48"
        },
        {
            "name": "symfony/finder",
            "version": "2.5.x-dev",
            "target-dir": "Symfony/Component/Finder",
            "source": {
                "type": "git",
                "url": "https://github.com/symfony/Finder.git",
                "reference": "9f6b98ea1b963c562af8834056706d7f914d0167"
            },
            "dist": {
                "type": "zip",
                "url": "https://api.github.com/repos/symfony/Finder/zipball/9f6b98ea1b963c562af8834056706d7f914d0167",
                "reference": "9f6b98ea1b963c562af8834056706d7f914d0167",
                "shasum": ""
            },
            "require": {
                "php": ">=5.3.3"
            },
            "type": "library",
            "extra": {
                "branch-alias": {
                    "dev-master": "2.5-dev"
                }
            },
            "autoload": {
                "psr-0": {
                    "Symfony\\Component\\Finder\\": ""
                }
            },
            "notification-url": "https://packagist.org/downloads/",
            "license": [
                "MIT"
            ],
            "authors": [
                {
                    "name": "Fabien Potencier",
                    "email": "fabien@symfony.com",
                    "homepage": "http://fabien.potencier.org",
                    "role": "Lead Developer"
                },
                {
                    "name": "Symfony Community",
                    "homepage": "http://symfony.com/contributors"
                }
            ],
            "description": "Symfony Finder Component",
            "homepage": "http://symfony.com",
            "time": "2014-07-09 09:05:48"
        },
        {
            "name": "symfony/http-foundation",
            "version": "2.5.x-dev",
            "target-dir": "Symfony/Component/HttpFoundation",
            "source": {
                "type": "git",
                "url": "https://github.com/symfony/HttpFoundation.git",
                "reference": "827f0422a4ce00716dd70a442e4538386bca7e13"
            },
            "dist": {
                "type": "zip",
                "url": "https://api.github.com/repos/symfony/HttpFoundation/zipball/827f0422a4ce00716dd70a442e4538386bca7e13",
                "reference": "827f0422a4ce00716dd70a442e4538386bca7e13",
                "shasum": ""
            },
            "require": {
                "php": ">=5.3.3"
            },
            "require-dev": {
                "symfony/expression-language": "~2.4"
            },
            "type": "library",
            "extra": {
                "branch-alias": {
                    "dev-master": "2.5-dev"
                }
            },
            "autoload": {
                "psr-0": {
                    "Symfony\\Component\\HttpFoundation\\": ""
                },
                "classmap": [
                    "Symfony/Component/HttpFoundation/Resources/stubs"
                ]
            },
            "notification-url": "https://packagist.org/downloads/",
            "license": [
                "MIT"
            ],
            "authors": [
                {
                    "name": "Fabien Potencier",
                    "email": "fabien@symfony.com",
                    "homepage": "http://fabien.potencier.org",
                    "role": "Lead Developer"
                },
                {
                    "name": "Symfony Community",
                    "homepage": "http://symfony.com/contributors"
                }
            ],
            "description": "Symfony HttpFoundation Component",
            "homepage": "http://symfony.com",
            "time": "2014-07-09 09:05:48"
        },
        {
            "name": "symfony/translation",
            "version": "2.5.x-dev",
            "target-dir": "Symfony/Component/Translation",
            "source": {
                "type": "git",
                "url": "https://github.com/symfony/Translation.git",
                "reference": "3680e1ee573b96e19ddfa20aaa3f39845b74cddd"
            },
            "dist": {
                "type": "zip",
                "url": "https://api.github.com/repos/symfony/Translation/zipball/3680e1ee573b96e19ddfa20aaa3f39845b74cddd",
                "reference": "3680e1ee573b96e19ddfa20aaa3f39845b74cddd",
                "shasum": ""
            },
            "require": {
                "php": ">=5.3.3"
            },
            "require-dev": {
                "symfony/config": "~2.0",
                "symfony/yaml": "~2.2"
            },
            "suggest": {
                "symfony/config": "",
                "symfony/yaml": ""
            },
            "type": "library",
            "extra": {
                "branch-alias": {
                    "dev-master": "2.5-dev"
                }
            },
            "autoload": {
                "psr-0": {
                    "Symfony\\Component\\Translation\\": ""
                }
            },
            "notification-url": "https://packagist.org/downloads/",
            "license": [
                "MIT"
            ],
            "authors": [
                {
                    "name": "Fabien Potencier",
                    "email": "fabien@symfony.com",
                    "homepage": "http://fabien.potencier.org",
                    "role": "Lead Developer"
                },
                {
                    "name": "Symfony Community",
                    "homepage": "http://symfony.com/contributors"
                }
            ],
            "description": "Symfony Translation Component",
            "homepage": "http://symfony.com",
            "time": "2014-07-09 09:05:48"
        },
        {
            "name": "thomaswelton/gravatarlib",
            "version": "0.1.0",
            "target-dir": "thomaswelton/GravatarLib",
            "source": {
                "type": "git",
                "url": "https://github.com/thomaswelton/gravatarlib.git",
                "reference": "8a4e829c53ca2abb51ef2e514f696938a9bdbd0c"
            },
            "dist": {
                "type": "zip",
                "url": "https://api.github.com/repos/thomaswelton/gravatarlib/zipball/8a4e829c53ca2abb51ef2e514f696938a9bdbd0c",
                "reference": "8a4e829c53ca2abb51ef2e514f696938a9bdbd0c",
                "shasum": ""
            },
            "require": {
                "php": ">=5.3.0"
            },
            "suggest": {
                "twig/twig": ">=1.4.0"
            },
            "type": "library",
            "autoload": {
                "psr-0": {
                    "thomaswelton\\GravatarLib\\": ""
                }
            },
            "notification-url": "https://packagist.org/downloads/",
            "license": [
                "MIT"
            ],
            "authors": [
                {
                    "name": "Sam Thompson",
                    "email": "sam@emberlabs.org"
                },
                {
                    "name": "Damian Bushong",
                    "email": "damian@emberlabs.org"
                },
                {
                    "name": "Thomas Welton",
                    "email": "thomaswelton@me.com",
                    "homepage": "https://github.com/thomaswelton",
                    "role": "Developer"
                }
            ],
            "description": "A lightweight PHP 5.3 OOP library providing easy gravatar integration.",
            "keywords": [
                "gravatar",
                "templating",
                "twig"
            ],
            "time": "2014-03-02 18:29:18"
        },
        {
            "name": "thomaswelton/laravel-gravatar",
            "version": "dev-master",
            "source": {
                "type": "git",
                "url": "https://github.com/thomaswelton/laravel-gravatar.git",
                "reference": "30af9c0599aacf8a606f9777adc1ac82570bca26"
            },
            "dist": {
                "type": "zip",
                "url": "https://api.github.com/repos/thomaswelton/laravel-gravatar/zipball/30af9c0599aacf8a606f9777adc1ac82570bca26",
                "reference": "30af9c0599aacf8a606f9777adc1ac82570bca26",
                "shasum": ""
            },
            "require": {
                "illuminate/support": "4.x",
                "php": ">=5.3.0",
                "thomaswelton/gravatarlib": "0.1.x"
            },
            "type": "library",
            "autoload": {
                "psr-0": {
                    "Thomaswelton\\LaravelGravatar": "src/"
                }
            },
            "notification-url": "https://packagist.org/downloads/",
            "license": [
                "MIT"
            ],
            "authors": [
                {
                    "name": "ThomasWelton",
                    "email": "thomaswelton@me.com",
                    "homepage": "https://github.com/thomaswelton",
                    "role": "Developer"
                }
            ],
            "description": "Laravel 4 Gravatar helper",
            "homepage": "https://github.com/thomaswelton/laravel-gravatar",
            "keywords": [
                "gravatar",
                "laravel",
                "laravel4"
            ],
            "time": "2014-03-26 21:49:12"
        },
        {
            "name": "zizaco/entrust",
            "version": "dev-master",
            "source": {
                "type": "git",
                "url": "https://github.com/Zizaco/entrust.git",
                "reference": "c21f763bd1a371a8e7072112b1b484739cbbba30"
            },
            "dist": {
                "type": "zip",
                "url": "https://api.github.com/repos/Zizaco/entrust/zipball/c21f763bd1a371a8e7072112b1b484739cbbba30",
                "reference": "c21f763bd1a371a8e7072112b1b484739cbbba30",
                "shasum": ""
            },
            "require": {
                "illuminate/support": "4.x",
                "laravelbook/ardent": "dev-master",
                "php": ">=5.4.0"
            },
            "require-dev": {
                "illuminate/database": "4.x",
                "mockery/mockery": "0.7.2",
                "zizaco/factory-muff": "dev-master"
            },
            "suggest": {
                "zizaco/confide": "Confide is an authentication solution for Laravel 4 that couples very well with Entrust"
            },
            "type": "library",
            "autoload": {
                "classmap": [
                    "src/commands"
                ],
                "psr-0": {
                    "Zizaco\\Entrust": "src/"
                }
            },
            "notification-url": "https://packagist.org/downloads/",
            "license": [
                "MIT"
            ],
            "authors": [
                {
                    "name": "Zizaco Zizuini",
                    "email": "zizaco@gmail.com",
                    "homepage": "http://www.zizaco.net"
                },
                {
                    "name": "Andrew Elkins",
                    "homepage": "http://www.andrewelkins.com"
                }
            ],
            "description": "This package provides a flexible way to add Role-based Permissions to Laravel 4",
            "keywords": [
                "auth",
                "illuminate",
                "laravel",
                "roles"
            ],
            "time": "2014-06-03 19:54:09"
        }
    ],
    "packages-dev": [

    ],
    "aliases": [

    ],
    "minimum-stability": "dev",
    "stability-flags": {
        "zizaco/entrust": 20,
        "laravelbook/ardent": 20,
        "noherczeg/breadcrumb": 20,
        "thomaswelton/laravel-gravatar": 20
    },
    "platform": {
        "php": ">=5.4"
    },
    "platform-dev": [

    ]
}
